
Microsoft Visual Studio Solution File, Format Version 12.00
# Visual Studio Version 16
VisualStudioVersion = 16.0.31025.194
MinimumVisualStudioVersion = 10.0.40219.1
Project("{9A19103F-16F7-4668-BE54-9A1E7A4F7556}") = "fin-app-backend", "fin-app-backend.csproj", "{4BE81D63-C759-4D15-82C2-035193D77B22}"
EndProject
Global
	GlobalSection(SolutionConfigurationPlatforms) = preSolution
		Debug|Any CPU = Debug|Any CPU
		Release|Any CPU = Release|Any CPU
	EndGlobalSection
	GlobalSection(ProjectConfigurationPlatforms) = postSolution
		{4BE81D63-C759-4D15-82C2-035193D77B22}.Debug|Any CPU.ActiveCfg = Debug|Any CPU
		{4BE81D63-C759-4D15-82C2-035193D77B22}.Debug|Any CPU.Build.0 = Debug|Any CPU
		{4BE81D63-C759-4D15-82C2-035193D77B22}.Release|Any CPU.ActiveCfg = Release|Any CPU
		{4BE81D63-C759-4D15-82C2-035193D77B22}.Release|Any CPU.Build.0 = Release|Any CPU
	EndGlobalSection
	GlobalSection(SolutionProperties) = preSolution
		HideSolutionNode = FALSE
	EndGlobalSection
	GlobalSection(ExtensibilityGlobals) = postSolution
		SolutionGuid = {0086CD64-BC80-44EA-97B9-A164D21C1AA3}
	EndGlobalSection
EndGlobal
